
Microsoft Visual Studio Solution File, Format Version 12.00
# Visual Studio Version 17
VisualStudioVersion = 17.4.33103.184
MinimumVisualStudioVersion = 10.0.40219.1
Project("{FAE04EC0-301F-11D3-BF4B-00C04F79EFBC}") = "MVC", "MVC\MVC.csproj", "{154F943A-1F91-43A3-9756-DA45479A777C}"
EndProject
Global
	GlobalSection(SolutionConfigurationPlatforms) = preSolution
		Debug|Any CPU = Debug|Any CPU
		Release|Any CPU = Release|Any CPU
	EndGlobalSection
	GlobalSection(ProjectConfigurationPlatforms) = postSolution
		{154F943A-1F91-43A3-9756-DA45479A777C}.Debug|Any CPU.ActiveCfg = Debug|Any CPU
		{154F943A-1F91-43A3-9756-DA45479A777C}.Debug|Any CPU.Build.0 = Debug|Any CPU
		{154F943A-1F91-43A3-9756-DA45479A777C}.Release|Any CPU.ActiveCfg = Release|Any CPU
		{154F943A-1F91-43A3-9756-DA45479A777C}.Release|Any CPU.Build.0 = Release|Any CPU
	EndGlobalSection
	GlobalSection(SolutionProperties) = preSolution
		HideSolutionNode = FALSE
	EndGlobalSection
	GlobalSection(ExtensibilityGlobals) = postSolution
		SolutionGuid = {B001D228-A72E-4CE1-B5B8-CBB3FDE2A9F7}
	EndGlobalSection
EndGlobal
